
Microsoft Visual Studio Solution File, Format Version 12.00
# Visual Studio 15
VisualStudioVersion = 15.0.26730.16
MinimumVisualStudioVersion = 10.0.40219.1
Project("{FAE04EC0-301F-11D3-BF4B-00C04F79EFBC}") = "Example1", "Example1\Example1.csproj", "{4515A306-330F-4AFE-BC78-3A837D07B2AD}"
EndProject
Global
	GlobalSection(SolutionConfigurationPlatforms) = preSolution
		Debug|Any CPU = Debug|Any CPU
		Release|Any CPU = Release|Any CPU
	EndGlobalSection
	GlobalSection(ProjectConfigurationPlatforms) = postSolution
		{4515A306-330F-4AFE-BC78-3A837D07B2AD}.Debug|Any CPU.ActiveCfg = Debug|Any CPU
		{4515A306-330F-4AFE-BC78-3A837D07B2AD}.Debug|Any CPU.Build.0 = Debug|Any CPU
		{4515A306-330F-4AFE-BC78-3A837D07B2AD}.Release|Any CPU.ActiveCfg = Release|Any CPU
		{4515A306-330F-4AFE-BC78-3A837D07B2AD}.Release|Any CPU.Build.0 = Release|Any CPU
	EndGlobalSection
	GlobalSection(SolutionProperties) = preSolution
		HideSolutionNode = FALSE
	EndGlobalSection
	GlobalSection(ExtensibilityGlobals) = postSolution
		SolutionGuid = {2B299121-798B-4B2C-9782-3705A6EB7C1C}
	EndGlobalSection
EndGlobal
